
Microsoft Visual Studio Solution File, Format Version 12.00
# Visual Studio 2015
Project("{FAE04EC0-301F-11D3-BF4B-00C04F79EFBC}") = "TV in VR.CSharp", "TV in VR.CSharp.csproj", "{F4D50054-2FEE-A30E-E2F4-4D6F386C27D2}"
EndProject
Project("{FAE04EC0-301F-11D3-BF4B-00C04F79EFBC}") = "TV in VR.CSharp.Editor", "TV in VR.CSharp.Editor.csproj", "{A6627061-7301-EC5B-1F10-136CE15A4461}"
EndProject
Global
	GlobalSection(SolutionConfigurationPlatforms) = preSolution
		Debug|Any CPU = Debug|Any CPU
		Release|Any CPU = Release|Any CPU
	EndGlobalSection
	GlobalSection(ProjectConfigurationPlatforms) = postSolution
		{F4D50054-2FEE-A30E-E2F4-4D6F386C27D2}.Debug|Any CPU.ActiveCfg = Debug|Any CPU
		{F4D50054-2FEE-A30E-E2F4-4D6F386C27D2}.Debug|Any CPU.Build.0 = Debug|Any CPU
		{F4D50054-2FEE-A30E-E2F4-4D6F386C27D2}.Release|Any CPU.ActiveCfg = Release|Any CPU
		{F4D50054-2FEE-A30E-E2F4-4D6F386C27D2}.Release|Any CPU.Build.0 = Release|Any CPU
		{A6627061-7301-EC5B-1F10-136CE15A4461}.Debug|Any CPU.ActiveCfg = Debug|Any CPU
		{A6627061-7301-EC5B-1F10-136CE15A4461}.Debug|Any CPU.Build.0 = Debug|Any CPU
		{A6627061-7301-EC5B-1F10-136CE15A4461}.Release|Any CPU.ActiveCfg = Release|Any CPU
		{A6627061-7301-EC5B-1F10-136CE15A4461}.Release|Any CPU.Build.0 = Release|Any CPU
	EndGlobalSection
	GlobalSection(SolutionProperties) = preSolution
		HideSolutionNode = FALSE
	EndGlobalSection
EndGlobal
